// !$*UTF8*$!
{
	archiveVersion = 1;
	classes = {
	};
	objectVersion = 55;
	objects = {

/* Begin PBXBuildFile section */
		658132A5B3377CC65AE67D45 /* Pods_MyPokemon_MyPokemonUITests.framework in Frameworks */ = {isa = PBXBuildFile; fileRef = E41CE5196B008EA2835B660C /* Pods_MyPokemon_MyPokemonUITests.framework */; };
		7BD7A02329A8855500F65629 /* PersistenceManager.swift in Sources */ = {isa = PBXBuildFile; fileRef = 7BD7A02229A8855500F65629 /* PersistenceManager.swift */; };
		7BD7A02729A8863B00F65629 /* PokemonPersistenceService.swift in Sources */ = {isa = PBXBuildFile; fileRef = 7BD7A02629A8863B00F65629 /* PokemonPersistenceService.swift */; };
		7BDC88D329A712A700EC29CC /* PokemonDetail.swift in Sources */ = {isa = PBXBuildFile; fileRef = 7BDC88D229A712A700EC29CC /* PokemonDetail.swift */; };
		7BDC88D529A714EA00EC29CC /* PokemonDetailView.swift in Sources */ = {isa = PBXBuildFile; fileRef = 7BDC88D429A714EA00EC29CC /* PokemonDetailView.swift */; };
		8C363885745C8D1C9CC3ACD9 /* Pods_MyPokemon.framework in Frameworks */ = {isa = PBXBuildFile; fileRef = 8EF790D5D3CAC03B9FBC4CAD /* Pods_MyPokemon.framework */; };
		B6059BF329A9BE84007DCB51 /* PokemonListServiceSuccessTests.swift in Sources */ = {isa = PBXBuildFile; fileRef = B6059BF229A9BE84007DCB51 /* PokemonListServiceSuccessTests.swift */; };
		B6059BFA29A9C01B007DCB51 /* PokemonListServiceResponseSuccessMock.swift in Sources */ = {isa = PBXBuildFile; fileRef = B6059BF929A9C01B007DCB51 /* PokemonListServiceResponseSuccessMock.swift */; };
		B6059BFC29A9C353007DCB51 /* NetworkingManagerResponseSuccessMock.swift in Sources */ = {isa = PBXBuildFile; fileRef = B6059BFB29A9C353007DCB51 /* NetworkingManagerResponseSuccessMock.swift */; };
		B6059BFE29A9C665007DCB51 /* NetworkingManagerResponseFailureMock.swift in Sources */ = {isa = PBXBuildFile; fileRef = B6059BFD29A9C665007DCB51 /* NetworkingManagerResponseFailureMock.swift */; };
		B6059C0029A9C6A4007DCB51 /* PokemonListServiceFailureTests.swift in Sources */ = {isa = PBXBuildFile; fileRef = B6059BFF29A9C6A4007DCB51 /* PokemonListServiceFailureTests.swift */; };
		B645325929A70A7A003086CE /* PokemonDetailViewModel.swift in Sources */ = {isa = PBXBuildFile; fileRef = B645325829A70A7A003086CE /* PokemonDetailViewModel.swift */; };
		B645325B29A70ABA003086CE /* PokemonDetailService.swift in Sources */ = {isa = PBXBuildFile; fileRef = B645325A29A70ABA003086CE /* PokemonDetailService.swift */; };
		B645325D29A79A99003086CE /* IndicatorCell.swift in Sources */ = {isa = PBXBuildFile; fileRef = B645325C29A79A99003086CE /* IndicatorCell.swift */; };
		B645326029A79B51003086CE /* UICollectionViewCell+Extensions.swift in Sources */ = {isa = PBXBuildFile; fileRef = B645325F29A79B51003086CE /* UICollectionViewCell+Extensions.swift */; };
		B6A2EAA029A63B4A00C48EAF /* AppDelegate.swift in Sources */ = {isa = PBXBuildFile; fileRef = B6A2EA9F29A63B4A00C48EAF /* AppDelegate.swift */; };
		B6A2EAA229A63B4A00C48EAF /* SceneDelegate.swift in Sources */ = {isa = PBXBuildFile; fileRef = B6A2EAA129A63B4A00C48EAF /* SceneDelegate.swift */; };
		B6A2EAA429A63B4A00C48EAF /* ViewController.swift in Sources */ = {isa = PBXBuildFile; fileRef = B6A2EAA329A63B4A00C48EAF /* ViewController.swift */; };
		B6A2EAA729A63B4A00C48EAF /* Main.storyboard in Resources */ = {isa = PBXBuildFile; fileRef = B6A2EAA529A63B4A00C48EAF /* Main.storyboard */; };
		B6A2EAAA29A63B4A00C48EAF /* MyPokemon.xcdatamodeld in Sources */ = {isa = PBXBuildFile; fileRef = B6A2EAA829A63B4A00C48EAF /* MyPokemon.xcdatamodeld */; };
		B6A2EAAC29A63B4B00C48EAF /* Assets.xcassets in Resources */ = {isa = PBXBuildFile; fileRef = B6A2EAAB29A63B4B00C48EAF /* Assets.xcassets */; };
		B6A2EAAF29A63B4B00C48EAF /* LaunchScreen.storyboard in Resources */ = {isa = PBXBuildFile; fileRef = B6A2EAAD29A63B4B00C48EAF /* LaunchScreen.storyboard */; };
		B6A2EAC429A63B4B00C48EAF /* MyPokemonUITests.swift in Sources */ = {isa = PBXBuildFile; fileRef = B6A2EAC329A63B4B00C48EAF /* MyPokemonUITests.swift */; };
		B6A2EAC629A63B4B00C48EAF /* MyPokemonUITestsLaunchTests.swift in Sources */ = {isa = PBXBuildFile; fileRef = B6A2EAC529A63B4B00C48EAF /* MyPokemonUITestsLaunchTests.swift */; };
		B6A2EAE129A67E8900C48EAF /* AppCoordinator.swift in Sources */ = {isa = PBXBuildFile; fileRef = B6A2EAE029A67E8900C48EAF /* AppCoordinator.swift */; };
		B6A2EAE429A67EA900C48EAF /* Coordinator.swift in Sources */ = {isa = PBXBuildFile; fileRef = B6A2EAE329A67EA900C48EAF /* Coordinator.swift */; };
		B6A2EAEA29A6804400C48EAF /* PokemonListViewController.swift in Sources */ = {isa = PBXBuildFile; fileRef = B6A2EAE929A6804400C48EAF /* PokemonListViewController.swift */; };
		B6A2EAEC29A6806500C48EAF /* PokemonDetailViewController.swift in Sources */ = {isa = PBXBuildFile; fileRef = B6A2EAEB29A6806500C48EAF /* PokemonDetailViewController.swift */; };
		B6A2EAEE29A6808E00C48EAF /* PocketViewController.swift in Sources */ = {isa = PBXBuildFile; fileRef = B6A2EAED29A6808E00C48EAF /* PocketViewController.swift */; };
		B6A2EAF029A6809C00C48EAF /* PokemonListCoordinator.swift in Sources */ = {isa = PBXBuildFile; fileRef = B6A2EAEF29A6809C00C48EAF /* PokemonListCoordinator.swift */; };
		B6A2EAF229A6852900C48EAF /* PokemonListViewModel.swift in Sources */ = {isa = PBXBuildFile; fileRef = B6A2EAF129A6852900C48EAF /* PokemonListViewModel.swift */; };
		B6A2EAF629A6864200C48EAF /* NetworkingManager.swift in Sources */ = {isa = PBXBuildFile; fileRef = B6A2EAF529A6864200C48EAF /* NetworkingManager.swift */; };
		B6A2EAFA29A686D100C48EAF /* HttpMethod.swift in Sources */ = {isa = PBXBuildFile; fileRef = B6A2EAF929A686D100C48EAF /* HttpMethod.swift */; };
		B6A2EAFC29A68B8E00C48EAF /* Pokemon.swift in Sources */ = {isa = PBXBuildFile; fileRef = B6A2EAFB29A68B8E00C48EAF /* Pokemon.swift */; };
		B6A2EAFE29A6917200C48EAF /* PokemonListService.swift in Sources */ = {isa = PBXBuildFile; fileRef = B6A2EAFD29A6917200C48EAF /* PokemonListService.swift */; };
		B6A2EB0029A6F06700C48EAF /* HttpRequest.swift in Sources */ = {isa = PBXBuildFile; fileRef = B6A2EAFF29A6F06700C48EAF /* HttpRequest.swift */; };
		B6A2EB0229A6F0F900C48EAF /* GetPokemonsRequest.swift in Sources */ = {isa = PBXBuildFile; fileRef = B6A2EB0129A6F0F900C48EAF /* GetPokemonsRequest.swift */; };
		B6A2EB0429A6F1F900C48EAF /* Constants.swift in Sources */ = {isa = PBXBuildFile; fileRef = B6A2EB0329A6F1F900C48EAF /* Constants.swift */; };
		B6A2EB0829A6F57400C48EAF /* PokemonListCell.swift in Sources */ = {isa = PBXBuildFile; fileRef = B6A2EB0729A6F57400C48EAF /* PokemonListCell.swift */; };
		B6A2EB0A29A6F7DE00C48EAF /* PokemonListItemViewModel.swift in Sources */ = {isa = PBXBuildFile; fileRef = B6A2EB0929A6F7DE00C48EAF /* PokemonListItemViewModel.swift */; };
		B6A2EB0F29A6FB6C00C48EAF /* NetworkRequestNotify.swift in Sources */ = {isa = PBXBuildFile; fileRef = B6A2EB0E29A6FB6C00C48EAF /* NetworkRequestNotify.swift */; };
		B6D3CC1329A7A3F500EDAEB0 /* PokemonDetailCoordinator.swift in Sources */ = {isa = PBXBuildFile; fileRef = B6D3CC1229A7A3F500EDAEB0 /* PokemonDetailCoordinator.swift */; };
		B6D3CC1729A7A61900EDAEB0 /* RLM_Pokemon.swift in Sources */ = {isa = PBXBuildFile; fileRef = B6D3CC1629A7A61900EDAEB0 /* RLM_Pokemon.swift */; };
		B6D3CC1929A7C7ED00EDAEB0 /* PocketCoordinator.swift in Sources */ = {isa = PBXBuildFile; fileRef = B6D3CC1829A7C7ED00EDAEB0 /* PocketCoordinator.swift */; };
		B6D3CC1B29A7C96C00EDAEB0 /* UIView+Extensions.swift in Sources */ = {isa = PBXBuildFile; fileRef = B6D3CC1A29A7C96C00EDAEB0 /* UIView+Extensions.swift */; };
		B6D3CC1D29A7CABC00EDAEB0 /* PocketViewModel.swift in Sources */ = {isa = PBXBuildFile; fileRef = B6D3CC1C29A7CABC00EDAEB0 /* PocketViewModel.swift */; };
		B6D3CC2229A9A77300EDAEB0 /* NetworkEndpointTests.swift in Sources */ = {isa = PBXBuildFile; fileRef = B6D3CC2129A9A77300EDAEB0 /* NetworkEndpointTests.swift */; };
		B6D3CC2629A9A9ED00EDAEB0 /* MockURLSessionProtocol.swift in Sources */ = {isa = PBXBuildFile; fileRef = B6D3CC2529A9A9ED00EDAEB0 /* MockURLSessionProtocol.swift */; };
		B6D3CC2829A9AC9600EDAEB0 /* NetworkManagerTests.swift in Sources */ = {isa = PBXBuildFile; fileRef = B6D3CC2729A9AC9600EDAEB0 /* NetworkManagerTests.swift */; };
		B6D3CC2C29A9AF9E00EDAEB0 /* PokemonStaticData.json in Resources */ = {isa = PBXBuildFile; fileRef = B6D3CC2B29A9AF9E00EDAEB0 /* PokemonStaticData.json */; };
		B6D3CC2E29A9B57E00EDAEB0 /* NetworkingError.swift in Sources */ = {isa = PBXBuildFile; fileRef = B6D3CC2D29A9B57E00EDAEB0 /* NetworkingError.swift */; };
		FAF4DE30FD85814D47404869 /* Pods_MyPokemonTests.framework in Frameworks */ = {isa = PBXBuildFile; fileRef = F32AA5DDA9E27CD2340C55AF /* Pods_MyPokemonTests.framework */; };
/* End PBXBuildFile section */

/* Begin PBXContainerItemProxy section */
		B6A2EAB629A63B4B00C48EAF /* PBXContainerItemProxy */ = {
			isa = PBXContainerItemProxy;
			containerPortal = B6A2EA9429A63B4A00C48EAF /* Project object */;
			proxyType = 1;
			remoteGlobalIDString = B6A2EA9B29A63B4A00C48EAF;
			remoteInfo = MyPokemon;
		};
		B6A2EAC029A63B4B00C48EAF /* PBXContainerItemProxy */ = {
			isa = PBXContainerItemProxy;
			containerPortal = B6A2EA9429A63B4A00C48EAF /* Project object */;
			proxyType = 1;
			remoteGlobalIDString = B6A2EA9B29A63B4A00C48EAF;
			remoteInfo = MyPokemon;
		};
/* End PBXContainerItemProxy section */

/* Begin PBXFileReference section */
		0315B8FD40965056F08777DD /* Pods-MyPokemonTests.debug.xcconfig */ = {isa = PBXFileReference; includeInIndex = 1; lastKnownFileType = text.xcconfig; name = "Pods-MyPokemonTests.debug.xcconfig"; path = "Target Support Files/Pods-MyPokemonTests/Pods-MyPokemonTests.debug.xcconfig"; sourceTree = "<group>"; };
		258449B814E0BF20CF71937E /* Pods-MyPokemon.debug.xcconfig */ = {isa = PBXFileReference; includeInIndex = 1; lastKnownFileType = text.xcconfig; name = "Pods-MyPokemon.debug.xcconfig"; path = "Target Support Files/Pods-MyPokemon/Pods-MyPokemon.debug.xcconfig"; sourceTree = "<group>"; };
		4A7DC1BA0A563ED82A045792 /* Pods-MyPokemon-MyPokemonUITests.debug.xcconfig */ = {isa = PBXFileReference; includeInIndex = 1; lastKnownFileType = text.xcconfig; name = "Pods-MyPokemon-MyPokemonUITests.debug.xcconfig"; path = "Target Support Files/Pods-MyPokemon-MyPokemonUITests/Pods-MyPokemon-MyPokemonUITests.debug.xcconfig"; sourceTree = "<group>"; };
		7BD7A02229A8855500F65629 /* PersistenceManager.swift */ = {isa = PBXFileReference; lastKnownFileType = sourcecode.swift; path = PersistenceManager.swift; sourceTree = "<group>"; };
		7BD7A02629A8863B00F65629 /* PokemonPersistenceService.swift */ = {isa = PBXFileReference; lastKnownFileType = sourcecode.swift; path = PokemonPersistenceService.swift; sourceTree = "<group>"; };
		7BDC88D229A712A700EC29CC /* PokemonDetail.swift */ = {isa = PBXFileReference; lastKnownFileType = sourcecode.swift; path = PokemonDetail.swift; sourceTree = "<group>"; };
		7BDC88D429A714EA00EC29CC /* PokemonDetailView.swift */ = {isa = PBXFileReference; lastKnownFileType = sourcecode.swift; path = PokemonDetailView.swift; sourceTree = "<group>"; };
		8EF790D5D3CAC03B9FBC4CAD /* Pods_MyPokemon.framework */ = {isa = PBXFileReference; explicitFileType = wrapper.framework; includeInIndex = 0; path = Pods_MyPokemon.framework; sourceTree = BUILT_PRODUCTS_DIR; };
		B6059BF229A9BE84007DCB51 /* PokemonListServiceSuccessTests.swift */ = {isa = PBXFileReference; lastKnownFileType = sourcecode.swift; path = PokemonListServiceSuccessTests.swift; sourceTree = "<group>"; };
		B6059BF929A9C01B007DCB51 /* PokemonListServiceResponseSuccessMock.swift */ = {isa = PBXFileReference; lastKnownFileType = sourcecode.swift; path = PokemonListServiceResponseSuccessMock.swift; sourceTree = "<group>"; };
		B6059BFB29A9C353007DCB51 /* NetworkingManagerResponseSuccessMock.swift */ = {isa = PBXFileReference; lastKnownFileType = sourcecode.swift; path = NetworkingManagerResponseSuccessMock.swift; sourceTree = "<group>"; };
		B6059BFD29A9C665007DCB51 /* NetworkingManagerResponseFailureMock.swift */ = {isa = PBXFileReference; lastKnownFileType = sourcecode.swift; path = NetworkingManagerResponseFailureMock.swift; sourceTree = "<group>"; };
		B6059BFF29A9C6A4007DCB51 /* PokemonListServiceFailureTests.swift */ = {isa = PBXFileReference; lastKnownFileType = sourcecode.swift; path = PokemonListServiceFailureTests.swift; sourceTree = "<group>"; };
		B645325829A70A7A003086CE /* PokemonDetailViewModel.swift */ = {isa = PBXFileReference; lastKnownFileType = sourcecode.swift; path = PokemonDetailViewModel.swift; sourceTree = "<group>"; };
		B645325A29A70ABA003086CE /* PokemonDetailService.swift */ = {isa = PBXFileReference; lastKnownFileType = sourcecode.swift; path = PokemonDetailService.swift; sourceTree = "<group>"; };
		B645325C29A79A99003086CE /* IndicatorCell.swift */ = {isa = PBXFileReference; lastKnownFileType = sourcecode.swift; path = IndicatorCell.swift; sourceTree = "<group>"; };
		B645325F29A79B51003086CE /* UICollectionViewCell+Extensions.swift */ = {isa = PBXFileReference; lastKnownFileType = sourcecode.swift; path = "UICollectionViewCell+Extensions.swift"; sourceTree = "<group>"; };
		B6A2EA9C29A63B4A00C48EAF /* MyPokemon.app */ = {isa = PBXFileReference; explicitFileType = wrapper.application; includeInIndex = 0; path = MyPokemon.app; sourceTree = BUILT_PRODUCTS_DIR; };
		B6A2EA9F29A63B4A00C48EAF /* AppDelegate.swift */ = {isa = PBXFileReference; lastKnownFileType = sourcecode.swift; path = AppDelegate.swift; sourceTree = "<group>"; };
		B6A2EAA129A63B4A00C48EAF /* SceneDelegate.swift */ = {isa = PBXFileReference; lastKnownFileType = sourcecode.swift; path = SceneDelegate.swift; sourceTree = "<group>"; };
		B6A2EAA329A63B4A00C48EAF /* ViewController.swift */ = {isa = PBXFileReference; lastKnownFileType = sourcecode.swift; path = ViewController.swift; sourceTree = "<group>"; };
		B6A2EAA629A63B4A00C48EAF /* Base */ = {isa = PBXFileReference; lastKnownFileType = file.storyboard; name = Base; path = Base.lproj/Main.storyboard; sourceTree = "<group>"; };
		B6A2EAA929A63B4A00C48EAF /* MyPokemon.xcdatamodel */ = {isa = PBXFileReference; lastKnownFileType = wrapper.xcdatamodel; path = MyPokemon.xcdatamodel; sourceTree = "<group>"; };
		B6A2EAAB29A63B4B00C48EAF /* Assets.xcassets */ = {isa = PBXFileReference; lastKnownFileType = folder.assetcatalog; path = Assets.xcassets; sourceTree = "<group>"; };
		B6A2EAAE29A63B4B00C48EAF /* Base */ = {isa = PBXFileReference; lastKnownFileType = file.storyboard; name = Base; path = Base.lproj/LaunchScreen.storyboard; sourceTree = "<group>"; };
		B6A2EAB029A63B4B00C48EAF /* Info.plist */ = {isa = PBXFileReference; lastKnownFileType = text.plist.xml; path = Info.plist; sourceTree = "<group>"; };
		B6A2EAB529A63B4B00C48EAF /* MyPokemonTests.xctest */ = {isa = PBXFileReference; explicitFileType = wrapper.cfbundle; includeInIndex = 0; path = MyPokemonTests.xctest; sourceTree = BUILT_PRODUCTS_DIR; };
		B6A2EABF29A63B4B00C48EAF /* MyPokemonUITests.xctest */ = {isa = PBXFileReference; explicitFileType = wrapper.cfbundle; includeInIndex = 0; path = MyPokemonUITests.xctest; sourceTree = BUILT_PRODUCTS_DIR; };
		B6A2EAC329A63B4B00C48EAF /* MyPokemonUITests.swift */ = {isa = PBXFileReference; lastKnownFileType = sourcecode.swift; path = MyPokemonUITests.swift; sourceTree = "<group>"; };
		B6A2EAC529A63B4B00C48EAF /* MyPokemonUITestsLaunchTests.swift */ = {isa = PBXFileReference; lastKnownFileType = sourcecode.swift; path = MyPokemonUITestsLaunchTests.swift; sourceTree = "<group>"; };
		B6A2EAE029A67E8900C48EAF /* AppCoordinator.swift */ = {isa = PBXFileReference; lastKnownFileType = sourcecode.swift; path = AppCoordinator.swift; sourceTree = "<group>"; };
		B6A2EAE329A67EA900C48EAF /* Coordinator.swift */ = {isa = PBXFileReference; lastKnownFileType = sourcecode.swift; path = Coordinator.swift; sourceTree = "<group>"; };
		B6A2EAE929A6804400C48EAF /* PokemonListViewController.swift */ = {isa = PBXFileReference; lastKnownFileType = sourcecode.swift; path = PokemonListViewController.swift; sourceTree = "<group>"; };
		B6A2EAEB29A6806500C48EAF /* PokemonDetailViewController.swift */ = {isa = PBXFileReference; lastKnownFileType = sourcecode.swift; path = PokemonDetailViewController.swift; sourceTree = "<group>"; };
		B6A2EAED29A6808E00C48EAF /* PocketViewController.swift */ = {isa = PBXFileReference; lastKnownFileType = sourcecode.swift; path = PocketViewController.swift; sourceTree = "<group>"; };
		B6A2EAEF29A6809C00C48EAF /* PokemonListCoordinator.swift */ = {isa = PBXFileReference; lastKnownFileType = sourcecode.swift; path = PokemonListCoordinator.swift; sourceTree = "<group>"; };
		B6A2EAF129A6852900C48EAF /* PokemonListViewModel.swift */ = {isa = PBXFileReference; lastKnownFileType = sourcecode.swift; path = PokemonListViewModel.swift; sourceTree = "<group>"; };
		B6A2EAF529A6864200C48EAF /* NetworkingManager.swift */ = {isa = PBXFileReference; lastKnownFileType = sourcecode.swift; path = NetworkingManager.swift; sourceTree = "<group>"; };
		B6A2EAF929A686D100C48EAF /* HttpMethod.swift */ = {isa = PBXFileReference; lastKnownFileType = sourcecode.swift; path = HttpMethod.swift; sourceTree = "<group>"; };
		B6A2EAFB29A68B8E00C48EAF /* Pokemon.swift */ = {isa = PBXFileReference; lastKnownFileType = sourcecode.swift; path = Pokemon.swift; sourceTree = "<group>"; };
		B6A2EAFD29A6917200C48EAF /* PokemonListService.swift */ = {isa = PBXFileReference; lastKnownFileType = sourcecode.swift; path = PokemonListService.swift; sourceTree = "<group>"; };
		B6A2EAFF29A6F06700C48EAF /* HttpRequest.swift */ = {isa = PBXFileReference; lastKnownFileType = sourcecode.swift; path = HttpRequest.swift; sourceTree = "<group>"; };
		B6A2EB0129A6F0F900C48EAF /* GetPokemonsRequest.swift */ = {isa = PBXFileReference; lastKnownFileType = sourcecode.swift; path = GetPokemonsRequest.swift; sourceTree = "<group>"; };
		B6A2EB0329A6F1F900C48EAF /* Constants.swift */ = {isa = PBXFileReference; lastKnownFileType = sourcecode.swift; path = Constants.swift; sourceTree = "<group>"; };
		B6A2EB0729A6F57400C48EAF /* PokemonListCell.swift */ = {isa = PBXFileReference; lastKnownFileType = sourcecode.swift; path = PokemonListCell.swift; sourceTree = "<group>"; };
		B6A2EB0929A6F7DE00C48EAF /* PokemonListItemViewModel.swift */ = {isa = PBXFileReference; lastKnownFileType = sourcecode.swift; path = PokemonListItemViewModel.swift; sourceTree = "<group>"; };
		B6A2EB0E29A6FB6C00C48EAF /* NetworkRequestNotify.swift */ = {isa = PBXFileReference; lastKnownFileType = sourcecode.swift; path = NetworkRequestNotify.swift; sourceTree = "<group>"; };
		B6D3CC1229A7A3F500EDAEB0 /* PokemonDetailCoordinator.swift */ = {isa = PBXFileReference; lastKnownFileType = sourcecode.swift; path = PokemonDetailCoordinator.swift; sourceTree = "<group>"; };
		B6D3CC1629A7A61900EDAEB0 /* RLM_Pokemon.swift */ = {isa = PBXFileReference; lastKnownFileType = sourcecode.swift; path = RLM_Pokemon.swift; sourceTree = "<group>"; };
		B6D3CC1829A7C7ED00EDAEB0 /* PocketCoordinator.swift */ = {isa = PBXFileReference; lastKnownFileType = sourcecode.swift; path = PocketCoordinator.swift; sourceTree = "<group>"; };
		B6D3CC1A29A7C96C00EDAEB0 /* UIView+Extensions.swift */ = {isa = PBXFileReference; lastKnownFileType = sourcecode.swift; path = "UIView+Extensions.swift"; sourceTree = "<group>"; };
		B6D3CC1C29A7CABC00EDAEB0 /* PocketViewModel.swift */ = {isa = PBXFileReference; lastKnownFileType = sourcecode.swift; path = PocketViewModel.swift; sourceTree = "<group>"; };
		B6D3CC2129A9A77300EDAEB0 /* NetworkEndpointTests.swift */ = {isa = PBXFileReference; lastKnownFileType = sourcecode.swift; path = NetworkEndpointTests.swift; sourceTree = "<group>"; };
		B6D3CC2529A9A9ED00EDAEB0 /* MockURLSessionProtocol.swift */ = {isa = PBXFileReference; lastKnownFileType = sourcecode.swift; path = MockURLSessionProtocol.swift; sourceTree = "<group>"; };
		B6D3CC2729A9AC9600EDAEB0 /* NetworkManagerTests.swift */ = {isa = PBXFileReference; lastKnownFileType = sourcecode.swift; path = NetworkManagerTests.swift; sourceTree = "<group>"; };
		B6D3CC2B29A9AF9E00EDAEB0 /* PokemonStaticData.json */ = {isa = PBXFileReference; fileEncoding = 4; lastKnownFileType = text.json; path = PokemonStaticData.json; sourceTree = "<group>"; };
		B6D3CC2D29A9B57E00EDAEB0 /* NetworkingError.swift */ = {isa = PBXFileReference; lastKnownFileType = sourcecode.swift; path = NetworkingError.swift; sourceTree = "<group>"; };
		BB23766D0440EF29CE317A5E /* Pods-MyPokemonTests.release.xcconfig */ = {isa = PBXFileReference; includeInIndex = 1; lastKnownFileType = text.xcconfig; name = "Pods-MyPokemonTests.release.xcconfig"; path = "Target Support Files/Pods-MyPokemonTests/Pods-MyPokemonTests.release.xcconfig"; sourceTree = "<group>"; };
		E41CE5196B008EA2835B660C /* Pods_MyPokemon_MyPokemonUITests.framework */ = {isa = PBXFileReference; explicitFileType = wrapper.framework; includeInIndex = 0; path = Pods_MyPokemon_MyPokemonUITests.framework; sourceTree = BUILT_PRODUCTS_DIR; };
		EBD290979661D85E49CB07EF /* Pods-MyPokemon-MyPokemonUITests.release.xcconfig */ = {isa = PBXFileReference; includeInIndex = 1; lastKnownFileType = text.xcconfig; name = "Pods-MyPokemon-MyPokemonUITests.release.xcconfig"; path = "Target Support Files/Pods-MyPokemon-MyPokemonUITests/Pods-MyPokemon-MyPokemonUITests.release.xcconfig"; sourceTree = "<group>"; };
		F32AA5DDA9E27CD2340C55AF /* Pods_MyPokemonTests.framework */ = {isa = PBXFileReference; explicitFileType = wrapper.framework; includeInIndex = 0; path = Pods_MyPokemonTests.framework; sourceTree = BUILT_PRODUCTS_DIR; };
		F6CE0016D3B6632C33B3E665 /* Pods-MyPokemon.release.xcconfig */ = {isa = PBXFileReference; includeInIndex = 1; lastKnownFileType = text.xcconfig; name = "Pods-MyPokemon.release.xcconfig"; path = "Target Support Files/Pods-MyPokemon/Pods-MyPokemon.release.xcconfig"; sourceTree = "<group>"; };
/* End PBXFileReference section */

/* Begin PBXFrameworksBuildPhase section */
		B6A2EA9929A63B4A00C48EAF /* Frameworks */ = {
			isa = PBXFrameworksBuildPhase;
			buildActionMask = 2147483647;
			files = (
				8C363885745C8D1C9CC3ACD9 /* Pods_MyPokemon.framework in Frameworks */,
			);
			runOnlyForDeploymentPostprocessing = 0;
		};
		B6A2EAB229A63B4B00C48EAF /* Frameworks */ = {
			isa = PBXFrameworksBuildPhase;
			buildActionMask = 2147483647;
			files = (
				FAF4DE30FD85814D47404869 /* Pods_MyPokemonTests.framework in Frameworks */,
			);
			runOnlyForDeploymentPostprocessing = 0;
		};
		B6A2EABC29A63B4B00C48EAF /* Frameworks */ = {
			isa = PBXFrameworksBuildPhase;
			buildActionMask = 2147483647;
			files = (
				658132A5B3377CC65AE67D45 /* Pods_MyPokemon_MyPokemonUITests.framework in Frameworks */,
			);
			runOnlyForDeploymentPostprocessing = 0;
		};
/* End PBXFrameworksBuildPhase section */

/* Begin PBXGroup section */
		7B29185529A891AC00D20E4D /* Recovered References */ = {
			isa = PBXGroup;
			children = (
			);
			name = "Recovered References";
			sourceTree = "<group>";
		};
		AAA625D80D45520E28672570 /* Pods */ = {
			isa = PBXGroup;
			children = (
				258449B814E0BF20CF71937E /* Pods-MyPokemon.debug.xcconfig */,
				F6CE0016D3B6632C33B3E665 /* Pods-MyPokemon.release.xcconfig */,
				4A7DC1BA0A563ED82A045792 /* Pods-MyPokemon-MyPokemonUITests.debug.xcconfig */,
				EBD290979661D85E49CB07EF /* Pods-MyPokemon-MyPokemonUITests.release.xcconfig */,
				0315B8FD40965056F08777DD /* Pods-MyPokemonTests.debug.xcconfig */,
				BB23766D0440EF29CE317A5E /* Pods-MyPokemonTests.release.xcconfig */,
			);
			path = Pods;
			sourceTree = "<group>";
		};
		B3EA8264C667AEC6DA789CAE /* Frameworks */ = {
			isa = PBXGroup;
			children = (
				8EF790D5D3CAC03B9FBC4CAD /* Pods_MyPokemon.framework */,
				E41CE5196B008EA2835B660C /* Pods_MyPokemon_MyPokemonUITests.framework */,
				F32AA5DDA9E27CD2340C55AF /* Pods_MyPokemonTests.framework */,
			);
			name = Frameworks;
			sourceTree = "<group>";
		};
		B6059BF129A9BE6A007DCB51 /* PokemonList */ = {
			isa = PBXGroup;
			children = (
				B6059BF629A9BFE2007DCB51 /* Mock */,
				B6059BF229A9BE84007DCB51 /* PokemonListServiceSuccessTests.swift */,
				B6059BFF29A9C6A4007DCB51 /* PokemonListServiceFailureTests.swift */,
			);
			path = PokemonList;
			sourceTree = "<group>";
		};
		B6059BF629A9BFE2007DCB51 /* Mock */ = {
			isa = PBXGroup;
			children = (
				B6059BF929A9C01B007DCB51 /* PokemonListServiceResponseSuccessMock.swift */,
				B6059BFB29A9C353007DCB51 /* NetworkingManagerResponseSuccessMock.swift */,
				B6059BFD29A9C665007DCB51 /* NetworkingManagerResponseFailureMock.swift */,
			);
			path = Mock;
			sourceTree = "<group>";
		};
		B6059C0129A9CB13007DCB51 /* JSON */ = {
			isa = PBXGroup;
			children = (
				B6D3CC2B29A9AF9E00EDAEB0 /* PokemonStaticData.json */,
			);
			path = JSON;
			sourceTree = "<group>";
		};
		B645325E29A79B3F003086CE /* Extension */ = {
			isa = PBXGroup;
			children = (
				B645325F29A79B51003086CE /* UICollectionViewCell+Extensions.swift */,
				B6D3CC1A29A7C96C00EDAEB0 /* UIView+Extensions.swift */,
			);
			path = Extension;
			sourceTree = "<group>";
		};
		B6A2EA9329A63B4A00C48EAF = {
			isa = PBXGroup;
			children = (
				B6A2EA9E29A63B4A00C48EAF /* MyPokemon */,
				B6A2EAB829A63B4B00C48EAF /* MyPokemonTests */,
				B6A2EAC229A63B4B00C48EAF /* MyPokemonUITests */,
				B6A2EA9D29A63B4A00C48EAF /* Products */,
				AAA625D80D45520E28672570 /* Pods */,
				B3EA8264C667AEC6DA789CAE /* Frameworks */,
				7B29185529A891AC00D20E4D /* Recovered References */,
			);
			sourceTree = "<group>";
		};
		B6A2EA9D29A63B4A00C48EAF /* Products */ = {
			isa = PBXGroup;
			children = (
				B6A2EA9C29A63B4A00C48EAF /* MyPokemon.app */,
				B6A2EAB529A63B4B00C48EAF /* MyPokemonTests.xctest */,
				B6A2EABF29A63B4B00C48EAF /* MyPokemonUITests.xctest */,
			);
			name = Products;
			sourceTree = "<group>";
		};
		B6A2EA9E29A63B4A00C48EAF /* MyPokemon */ = {
			isa = PBXGroup;
			children = (
				B6A2EAD229A63D0C00C48EAF /* Source */,
				B6A2EAAB29A63B4B00C48EAF /* Assets.xcassets */,
				B6A2EAB029A63B4B00C48EAF /* Info.plist */,
				B6A2EAA829A63B4A00C48EAF /* MyPokemon.xcdatamodeld */,
			);
			path = MyPokemon;
			sourceTree = "<group>";
		};
		B6A2EAB829A63B4B00C48EAF /* MyPokemonTests */ = {
			isa = PBXGroup;
			children = (
				B6059BF129A9BE6A007DCB51 /* PokemonList */,
				B6D3CC2029A9A76100EDAEB0 /* Network */,
			);
			path = MyPokemonTests;
			sourceTree = "<group>";
		};
		B6A2EAC229A63B4B00C48EAF /* MyPokemonUITests */ = {
			isa = PBXGroup;
			children = (
				B6A2EAC329A63B4B00C48EAF /* MyPokemonUITests.swift */,
				B6A2EAC529A63B4B00C48EAF /* MyPokemonUITestsLaunchTests.swift */,
			);
			path = MyPokemonUITests;
			sourceTree = "<group>";
		};
		B6A2EAD229A63D0C00C48EAF /* Source */ = {
			isa = PBXGroup;
			children = (
				B6D3CC0B29A7A38F00EDAEB0 /* UI */,
				B645325E29A79B3F003086CE /* Extension */,
				B6A2EAE529A6800300C48EAF /* Feature */,
				B6A2EAE229A67E9F00C48EAF /* Protocol */,
				B6A2EAAD29A63B4B00C48EAF /* LaunchScreen.storyboard */,
				B6A2EA9F29A63B4A00C48EAF /* AppDelegate.swift */,
				B6A2EAE029A67E8900C48EAF /* AppCoordinator.swift */,
				B6A2EAA129A63B4A00C48EAF /* SceneDelegate.swift */,
				B6A2EAA329A63B4A00C48EAF /* ViewController.swift */,
				B6A2EB0329A6F1F900C48EAF /* Constants.swift */,
				B6A2EAA529A63B4A00C48EAF /* Main.storyboard */,
				B6059C0129A9CB13007DCB51 /* JSON */,
			);
			path = Source;
			sourceTree = "<group>";
		};
		B6A2EAE229A67E9F00C48EAF /* Protocol */ = {
			isa = PBXGroup;
			children = (
				B6A2EAE329A67EA900C48EAF /* Coordinator.swift */,
				B6A2EB0E29A6FB6C00C48EAF /* NetworkRequestNotify.swift */,
			);
			path = Protocol;
			sourceTree = "<group>";
		};
		B6A2EAE529A6800300C48EAF /* Feature */ = {
			isa = PBXGroup;
			children = (
				B6D3CC1429A7A51000EDAEB0 /* Persistence */,
				B6A2EAF429A6863A00C48EAF /* Network */,
				B6A2EAE829A6802D00C48EAF /* Pocket */,
				B6A2EAE729A6802600C48EAF /* PokemonDetail */,
				B6A2EAE629A6801A00C48EAF /* PokemonList */,
			);
			path = Feature;
			sourceTree = "<group>";
		};
		B6A2EAE629A6801A00C48EAF /* PokemonList */ = {
			isa = PBXGroup;
			children = (
				B6D3CC0C29A7A39A00EDAEB0 /* Coordinator */,
				B6D3CC0A29A7A36C00EDAEB0 /* Interactor */,
				B6D3CC0729A7A33B00EDAEB0 /* Model */,
				B6D3CC0929A7A35600EDAEB0 /* View */,
				B6D3CC0829A7A34C00EDAEB0 /* ViewModel */,
			);
			path = PokemonList;
			sourceTree = "<group>";
		};
		B6A2EAE729A6802600C48EAF /* PokemonDetail */ = {
			isa = PBXGroup;
			children = (
				B6D3CC0D29A7A3AE00EDAEB0 /* Coordinator */,
				B6D3CC0E29A7A3B700EDAEB0 /* Interactor */,
				B6D3CC1029A7A3D000EDAEB0 /* Model */,
				B6D3CC0F29A7A3CA00EDAEB0 /* View */,
				B6D3CC1129A7A3D300EDAEB0 /* ViewModel */,
			);
			path = PokemonDetail;
			sourceTree = "<group>";
		};
		B6A2EAE829A6802D00C48EAF /* Pocket */ = {
			isa = PBXGroup;
			children = (
				B6A2EAED29A6808E00C48EAF /* PocketViewController.swift */,
				B6D3CC1829A7C7ED00EDAEB0 /* PocketCoordinator.swift */,
				B6D3CC1C29A7CABC00EDAEB0 /* PocketViewModel.swift */,
			);
			path = Pocket;
			sourceTree = "<group>";
		};
		B6A2EAF429A6863A00C48EAF /* Network */ = {
			isa = PBXGroup;
			children = (
				B6A2EAF529A6864200C48EAF /* NetworkingManager.swift */,
				B6A2EAF929A686D100C48EAF /* HttpMethod.swift */,
				B6A2EAFF29A6F06700C48EAF /* HttpRequest.swift */,
				B6D3CC2D29A9B57E00EDAEB0 /* NetworkingError.swift */,
			);
			path = Network;
			sourceTree = "<group>";
		};
		B6D3CC0729A7A33B00EDAEB0 /* Model */ = {
			isa = PBXGroup;
			children = (
				B6A2EAFB29A68B8E00C48EAF /* Pokemon.swift */,
			);
			path = Model;
			sourceTree = "<group>";
		};
		B6D3CC0829A7A34C00EDAEB0 /* ViewModel */ = {
			isa = PBXGroup;
			children = (
				B6A2EB0929A6F7DE00C48EAF /* PokemonListItemViewModel.swift */,
				B6A2EAF129A6852900C48EAF /* PokemonListViewModel.swift */,
			);
			path = ViewModel;
			sourceTree = "<group>";
		};
		B6D3CC0929A7A35600EDAEB0 /* View */ = {
			isa = PBXGroup;
			children = (
				B6A2EB0729A6F57400C48EAF /* PokemonListCell.swift */,
				B6A2EAE929A6804400C48EAF /* PokemonListViewController.swift */,
			);
			path = View;
			sourceTree = "<group>";
		};
		B6D3CC0A29A7A36C00EDAEB0 /* Interactor */ = {
			isa = PBXGroup;
			children = (
				B6A2EB0129A6F0F900C48EAF /* GetPokemonsRequest.swift */,
				B6A2EAFD29A6917200C48EAF /* PokemonListService.swift */,
			);
			path = Interactor;
			sourceTree = "<group>";
		};
		B6D3CC0B29A7A38F00EDAEB0 /* UI */ = {
			isa = PBXGroup;
			children = (
				B645325C29A79A99003086CE /* IndicatorCell.swift */,
			);
			path = UI;
			sourceTree = "<group>";
		};
		B6D3CC0C29A7A39A00EDAEB0 /* Coordinator */ = {
			isa = PBXGroup;
			children = (
				B6A2EAEF29A6809C00C48EAF /* PokemonListCoordinator.swift */,
			);
			path = Coordinator;
			sourceTree = "<group>";
		};
		B6D3CC0D29A7A3AE00EDAEB0 /* Coordinator */ = {
			isa = PBXGroup;
			children = (
				B6D3CC1229A7A3F500EDAEB0 /* PokemonDetailCoordinator.swift */,
			);
			path = Coordinator;
			sourceTree = "<group>";
		};
		B6D3CC0E29A7A3B700EDAEB0 /* Interactor */ = {
			isa = PBXGroup;
			children = (
				B645325A29A70ABA003086CE /* PokemonDetailService.swift */,
			);
			path = Interactor;
			sourceTree = "<group>";
		};
		B6D3CC0F29A7A3CA00EDAEB0 /* View */ = {
			isa = PBXGroup;
			children = (
				B6A2EAEB29A6806500C48EAF /* PokemonDetailViewController.swift */,
				7BDC88D429A714EA00EC29CC /* PokemonDetailView.swift */,
			);
			path = View;
			sourceTree = "<group>";
		};
		B6D3CC1029A7A3D000EDAEB0 /* Model */ = {
			isa = PBXGroup;
			children = (
				7BDC88D229A712A700EC29CC /* PokemonDetail.swift */,
			);
			path = Model;
			sourceTree = "<group>";
		};
		B6D3CC1129A7A3D300EDAEB0 /* ViewModel */ = {
			isa = PBXGroup;
			children = (
				B645325829A70A7A003086CE /* PokemonDetailViewModel.swift */,
			);
			path = ViewModel;
			sourceTree = "<group>";
		};
		B6D3CC1429A7A51000EDAEB0 /* Persistence */ = {
			isa = PBXGroup;
			children = (
				B6D3CC1529A7A5FD00EDAEB0 /* Model */,
				7BD7A02229A8855500F65629 /* PersistenceManager.swift */,
				7BD7A02629A8863B00F65629 /* PokemonPersistenceService.swift */,
			);
			path = Persistence;
			sourceTree = "<group>";
		};
		B6D3CC1529A7A5FD00EDAEB0 /* Model */ = {
			isa = PBXGroup;
			children = (
				B6D3CC1629A7A61900EDAEB0 /* RLM_Pokemon.swift */,
			);
			path = Model;
			sourceTree = "<group>";
		};
		B6D3CC2029A9A76100EDAEB0 /* Network */ = {
			isa = PBXGroup;
			children = (
				B6D3CC2429A9A9D800EDAEB0 /* Mock */,
				B6D3CC2329A9A9CD00EDAEB0 /* Endpoint */,
				B6D3CC2729A9AC9600EDAEB0 /* NetworkManagerTests.swift */,
			);
			path = Network;
			sourceTree = "<group>";
		};
		B6D3CC2329A9A9CD00EDAEB0 /* Endpoint */ = {
			isa = PBXGroup;
			children = (
				B6D3CC2129A9A77300EDAEB0 /* NetworkEndpointTests.swift */,
			);
			path = Endpoint;
			sourceTree = "<group>";
		};
		B6D3CC2429A9A9D800EDAEB0 /* Mock */ = {
			isa = PBXGroup;
			children = (
				B6D3CC2529A9A9ED00EDAEB0 /* MockURLSessionProtocol.swift */,
			);
			path = Mock;
			sourceTree = "<group>";
		};
/* End PBXGroup section */

/* Begin PBXNativeTarget section */
		B6A2EA9B29A63B4A00C48EAF /* MyPokemon */ = {
			isa = PBXNativeTarget;
			buildConfigurationList = B6A2EAC929A63B4B00C48EAF /* Build configuration list for PBXNativeTarget "MyPokemon" */;
			buildPhases = (
				23B92FE874DCF39BEC125BE2 /* [CP] Check Pods Manifest.lock */,
				B6A2EA9829A63B4A00C48EAF /* Sources */,
				B6A2EA9929A63B4A00C48EAF /* Frameworks */,
				B6A2EA9A29A63B4A00C48EAF /* Resources */,
				994FF0C1441766AB2DC5794F /* [CP] Embed Pods Frameworks */,
			);
			buildRules = (
			);
			dependencies = (
			);
			name = MyPokemon;
			productName = MyPokemon;
			productReference = B6A2EA9C29A63B4A00C48EAF /* MyPokemon.app */;
			productType = "com.apple.product-type.application";
		};
		B6A2EAB429A63B4B00C48EAF /* MyPokemonTests */ = {
			isa = PBXNativeTarget;
			buildConfigurationList = B6A2EACC29A63B4B00C48EAF /* Build configuration list for PBXNativeTarget "MyPokemonTests" */;
			buildPhases = (
				5371975D039265078828F3E7 /* [CP] Check Pods Manifest.lock */,
				B6A2EAB129A63B4B00C48EAF /* Sources */,
				B6A2EAB229A63B4B00C48EAF /* Frameworks */,
				B6A2EAB329A63B4B00C48EAF /* Resources */,
			);
			buildRules = (
			);
			dependencies = (
				B6A2EAB729A63B4B00C48EAF /* PBXTargetDependency */,
			);
			name = MyPokemonTests;
			productName = MyPokemonTests;
			productReference = B6A2EAB529A63B4B00C48EAF /* MyPokemonTests.xctest */;
			productType = "com.apple.product-type.bundle.unit-test";
		};
		B6A2EABE29A63B4B00C48EAF /* MyPokemonUITests */ = {
			isa = PBXNativeTarget;
			buildConfigurationList = B6A2EACF29A63B4B00C48EAF /* Build configuration list for PBXNativeTarget "MyPokemonUITests" */;
			buildPhases = (
				0388673284D2650B2849FCE0 /* [CP] Check Pods Manifest.lock */,
				B6A2EABB29A63B4B00C48EAF /* Sources */,
				B6A2EABC29A63B4B00C48EAF /* Frameworks */,
				B6A2EABD29A63B4B00C48EAF /* Resources */,
				7352E066FB477A986516DCED /* [CP] Embed Pods Frameworks */,
			);
			buildRules = (
			);
			dependencies = (
				B6A2EAC129A63B4B00C48EAF /* PBXTargetDependency */,
			);
			name = MyPokemonUITests;
			productName = MyPokemonUITests;
			productReference = B6A2EABF29A63B4B00C48EAF /* MyPokemonUITests.xctest */;
			productType = "com.apple.product-type.bundle.ui-testing";
		};
/* End PBXNativeTarget section */

/* Begin PBXProject section */
		B6A2EA9429A63B4A00C48EAF /* Project object */ = {
			isa = PBXProject;
			attributes = {
				BuildIndependentTargetsInParallel = 1;
				LastSwiftUpdateCheck = 1400;
				LastUpgradeCheck = 1400;
				TargetAttributes = {
					B6A2EA9B29A63B4A00C48EAF = {
						CreatedOnToolsVersion = 14.0;
					};
					B6A2EAB429A63B4B00C48EAF = {
						CreatedOnToolsVersion = 14.0;
						TestTargetID = B6A2EA9B29A63B4A00C48EAF;
					};
					B6A2EABE29A63B4B00C48EAF = {
						CreatedOnToolsVersion = 14.0;
						TestTargetID = B6A2EA9B29A63B4A00C48EAF;
					};
				};
			};
			buildConfigurationList = B6A2EA9729A63B4A00C48EAF /* Build configuration list for PBXProject "MyPokemon" */;
			compatibilityVersion = "Xcode 13.0";
			developmentRegion = en;
			hasScannedForEncodings = 0;
			knownRegions = (
				en,
				Base,
			);
			mainGroup = B6A2EA9329A63B4A00C48EAF;
			productRefGroup = B6A2EA9D29A63B4A00C48EAF /* Products */;
			projectDirPath = "";
			projectRoot = "";
			targets = (
				B6A2EA9B29A63B4A00C48EAF /* MyPokemon */,
				B6A2EAB429A63B4B00C48EAF /* MyPokemonTests */,
				B6A2EABE29A63B4B00C48EAF /* MyPokemonUITests */,
			);
		};
/* End PBXProject section */

/* Begin PBXResourcesBuildPhase section */
		B6A2EA9A29A63B4A00C48EAF /* Resources */ = {
			isa = PBXResourcesBuildPhase;
			buildActionMask = 2147483647;
			files = (
				B6A2EAAF29A63B4B00C48EAF /* LaunchScreen.storyboard in Resources */,
				B6D3CC2C29A9AF9E00EDAEB0 /* PokemonStaticData.json in Resources */,
				B6A2EAAC29A63B4B00C48EAF /* Assets.xcassets in Resources */,
				B6A2EAA729A63B4A00C48EAF /* Main.storyboard in Resources */,
			);
			runOnlyForDeploymentPostprocessing = 0;
		};
		B6A2EAB329A63B4B00C48EAF /* Resources */ = {
			isa = PBXResourcesBuildPhase;
			buildActionMask = 2147483647;
			files = (
			);
			runOnlyForDeploymentPostprocessing = 0;
		};
		B6A2EABD29A63B4B00C48EAF /* Resources */ = {
			isa = PBXResourcesBuildPhase;
			buildActionMask = 2147483647;
			files = (
			);
			runOnlyForDeploymentPostprocessing = 0;
		};
/* End PBXResourcesBuildPhase section */

/* Begin PBXShellScriptBuildPhase section */
		0388673284D2650B2849FCE0 /* [CP] Check Pods Manifest.lock */ = {
			isa = PBXShellScriptBuildPhase;
			buildActionMask = 2147483647;
			files = (
			);
			inputFileListPaths = (
			);
			inputPaths = (
				"${PODS_PODFILE_DIR_PATH}/Podfile.lock",
				"${PODS_ROOT}/Manifest.lock",
			);
			name = "[CP] Check Pods Manifest.lock";
			outputFileListPaths = (
			);
			outputPaths = (
				"$(DERIVED_FILE_DIR)/Pods-MyPokemon-MyPokemonUITests-checkManifestLockResult.txt",
			);
			runOnlyForDeploymentPostprocessing = 0;
			shellPath = /bin/sh;
			shellScript = "diff \"${PODS_PODFILE_DIR_PATH}/Podfile.lock\" \"${PODS_ROOT}/Manifest.lock\" > /dev/null\nif [ $? != 0 ] ; then\n    # print error to STDERR\n    echo \"error: The sandbox is not in sync with the Podfile.lock. Run 'pod install' or update your CocoaPods installation.\" >&2\n    exit 1\nfi\n# This output is used by Xcode 'outputs' to avoid re-running this script phase.\necho \"SUCCESS\" > \"${SCRIPT_OUTPUT_FILE_0}\"\n";
			showEnvVarsInLog = 0;
		};
		23B92FE874DCF39BEC125BE2 /* [CP] Check Pods Manifest.lock */ = {
			isa = PBXShellScriptBuildPhase;
			buildActionMask = 2147483647;
			files = (
			);
			inputFileListPaths = (
			);
			inputPaths = (
				"${PODS_PODFILE_DIR_PATH}/Podfile.lock",
				"${PODS_ROOT}/Manifest.lock",
			);
			name = "[CP] Check Pods Manifest.lock";
			outputFileListPaths = (
			);
			outputPaths = (
				"$(DERIVED_FILE_DIR)/Pods-MyPokemon-checkManifestLockResult.txt",
			);
			runOnlyForDeploymentPostprocessing = 0;
			shellPath = /bin/sh;
			shellScript = "diff \"${PODS_PODFILE_DIR_PATH}/Podfile.lock\" \"${PODS_ROOT}/Manifest.lock\" > /dev/null\nif [ $? != 0 ] ; then\n    # print error to STDERR\n    echo \"error: The sandbox is not in sync with the Podfile.lock. Run 'pod install' or update your CocoaPods installation.\" >&2\n    exit 1\nfi\n# This output is used by Xcode 'outputs' to avoid re-running this script phase.\necho \"SUCCESS\" > \"${SCRIPT_OUTPUT_FILE_0}\"\n";
			showEnvVarsInLog = 0;
		};
		5371975D039265078828F3E7 /* [CP] Check Pods Manifest.lock */ = {
			isa = PBXShellScriptBuildPhase;
			buildActionMask = 2147483647;
			files = (
			);
			inputFileListPaths = (
			);
			inputPaths = (
				"${PODS_PODFILE_DIR_PATH}/Podfile.lock",
				"${PODS_ROOT}/Manifest.lock",
			);
			name = "[CP] Check Pods Manifest.lock";
			outputFileListPaths = (
			);
			outputPaths = (
				"$(DERIVED_FILE_DIR)/Pods-MyPokemonTests-checkManifestLockResult.txt",
			);
			runOnlyForDeploymentPostprocessing = 0;
			shellPath = /bin/sh;
			shellScript = "diff \"${PODS_PODFILE_DIR_PATH}/Podfile.lock\" \"${PODS_ROOT}/Manifest.lock\" > /dev/null\nif [ $? != 0 ] ; then\n    # print error to STDERR\n    echo \"error: The sandbox is not in sync with the Podfile.lock. Run 'pod install' or update your CocoaPods installation.\" >&2\n    exit 1\nfi\n# This output is used by Xcode 'outputs' to avoid re-running this script phase.\necho \"SUCCESS\" > \"${SCRIPT_OUTPUT_FILE_0}\"\n";
			showEnvVarsInLog = 0;
		};
		7352E066FB477A986516DCED /* [CP] Embed Pods Frameworks */ = {
			isa = PBXShellScriptBuildPhase;
			buildActionMask = 2147483647;
			files = (
			);
			inputFileListPaths = (
				"${PODS_ROOT}/Target Support Files/Pods-MyPokemon-MyPokemonUITests/Pods-MyPokemon-MyPokemonUITests-frameworks-${CONFIGURATION}-input-files.xcfilelist",
			);
			name = "[CP] Embed Pods Frameworks";
			outputFileListPaths = (
				"${PODS_ROOT}/Target Support Files/Pods-MyPokemon-MyPokemonUITests/Pods-MyPokemon-MyPokemonUITests-frameworks-${CONFIGURATION}-output-files.xcfilelist",
			);
			runOnlyForDeploymentPostprocessing = 0;
			shellPath = /bin/sh;
			shellScript = "\"${PODS_ROOT}/Target Support Files/Pods-MyPokemon-MyPokemonUITests/Pods-MyPokemon-MyPokemonUITests-frameworks.sh\"\n";
			showEnvVarsInLog = 0;
		};
		994FF0C1441766AB2DC5794F /* [CP] Embed Pods Frameworks */ = {
			isa = PBXShellScriptBuildPhase;
			buildActionMask = 2147483647;
			files = (
			);
			inputFileListPaths = (
				"${PODS_ROOT}/Target Support Files/Pods-MyPokemon/Pods-MyPokemon-frameworks-${CONFIGURATION}-input-files.xcfilelist",
			);
			name = "[CP] Embed Pods Frameworks";
			outputFileListPaths = (
				"${PODS_ROOT}/Target Support Files/Pods-MyPokemon/Pods-MyPokemon-frameworks-${CONFIGURATION}-output-files.xcfilelist",
			);
			runOnlyForDeploymentPostprocessing = 0;
			shellPath = /bin/sh;
			shellScript = "\"${PODS_ROOT}/Target Support Files/Pods-MyPokemon/Pods-MyPokemon-frameworks.sh\"\n";
			showEnvVarsInLog = 0;
		};
/* End PBXShellScriptBuildPhase section */

/* Begin PBXSourcesBuildPhase section */
		B6A2EA9829A63B4A00C48EAF /* Sources */ = {
			isa = PBXSourcesBuildPhase;
			buildActionMask = 2147483647;
			files = (
				B6A2EB0429A6F1F900C48EAF /* Constants.swift in Sources */,
				B6D3CC1329A7A3F500EDAEB0 /* PokemonDetailCoordinator.swift in Sources */,
				B6D3CC1D29A7CABC00EDAEB0 /* PocketViewModel.swift in Sources */,
				B6A2EB0829A6F57400C48EAF /* PokemonListCell.swift in Sources */,
				B6A2EAF629A6864200C48EAF /* NetworkingManager.swift in Sources */,
				B6A2EAA429A63B4A00C48EAF /* ViewController.swift in Sources */,
				B6A2EAEE29A6808E00C48EAF /* PocketViewController.swift in Sources */,
				B6A2EAAA29A63B4A00C48EAF /* MyPokemon.xcdatamodeld in Sources */,
				B6A2EAFC29A68B8E00C48EAF /* Pokemon.swift in Sources */,
				7BDC88D329A712A700EC29CC /* PokemonDetail.swift in Sources */,
				7BD7A02329A8855500F65629 /* PersistenceManager.swift in Sources */,
				B645326029A79B51003086CE /* UICollectionViewCell+Extensions.swift in Sources */,
				B6A2EAE429A67EA900C48EAF /* Coordinator.swift in Sources */,
				B6A2EAEA29A6804400C48EAF /* PokemonListViewController.swift in Sources */,
				B6A2EAE129A67E8900C48EAF /* AppCoordinator.swift in Sources */,
				B645325B29A70ABA003086CE /* PokemonDetailService.swift in Sources */,
				B6A2EAFE29A6917200C48EAF /* PokemonListService.swift in Sources */,
				7BDC88D529A714EA00EC29CC /* PokemonDetailView.swift in Sources */,
				B6A2EB0A29A6F7DE00C48EAF /* PokemonListItemViewModel.swift in Sources */,
				B6A2EAF029A6809C00C48EAF /* PokemonListCoordinator.swift in Sources */,
				B6A2EB0F29A6FB6C00C48EAF /* NetworkRequestNotify.swift in Sources */,
				7BD7A02729A8863B00F65629 /* PokemonPersistenceService.swift in Sources */,
				B6A2EAEC29A6806500C48EAF /* PokemonDetailViewController.swift in Sources */,
				B645325D29A79A99003086CE /* IndicatorCell.swift in Sources */,
				B6D3CC2E29A9B57E00EDAEB0 /* NetworkingError.swift in Sources */,
				B6A2EAFA29A686D100C48EAF /* HttpMethod.swift in Sources */,
				B6A2EAF229A6852900C48EAF /* PokemonListViewModel.swift in Sources */,
				B6D3CC1729A7A61900EDAEB0 /* RLM_Pokemon.swift in Sources */,
				B6A2EB0229A6F0F900C48EAF /* GetPokemonsRequest.swift in Sources */,
				B6A2EAA029A63B4A00C48EAF /* AppDelegate.swift in Sources */,
				B6A2EB0029A6F06700C48EAF /* HttpRequest.swift in Sources */,
				B6A2EAA229A63B4A00C48EAF /* SceneDelegate.swift in Sources */,
				B6D3CC1B29A7C96C00EDAEB0 /* UIView+Extensions.swift in Sources */,
				B6D3CC1929A7C7ED00EDAEB0 /* PocketCoordinator.swift in Sources */,
				B645325929A70A7A003086CE /* PokemonDetailViewModel.swift in Sources */,
			);
			runOnlyForDeploymentPostprocessing = 0;
		};
		B6A2EAB129A63B4B00C48EAF /* Sources */ = {
			isa = PBXSourcesBuildPhase;
			buildActionMask = 2147483647;
			files = (
				B6059BF329A9BE84007DCB51 /* PokemonListServiceSuccessTests.swift in Sources */,
				B6D3CC2829A9AC9600EDAEB0 /* NetworkManagerTests.swift in Sources */,
				B6059BFC29A9C353007DCB51 /* NetworkingManagerResponseSuccessMock.swift in Sources */,
				B6059BFE29A9C665007DCB51 /* NetworkingManagerResponseFailureMock.swift in Sources */,
				B6D3CC2229A9A77300EDAEB0 /* NetworkEndpointTests.swift in Sources */,
				B6059BFA29A9C01B007DCB51 /* PokemonListServiceResponseSuccessMock.swift in Sources */,
				B6059C0029A9C6A4007DCB51 /* PokemonListServiceFailureTests.swift in Sources */,
				B6D3CC2629A9A9ED00EDAEB0 /* MockURLSessionProtocol.swift in Sources */,
			);
			runOnlyForDeploymentPostprocessing = 0;
		};
		B6A2EABB29A63B4B00C48EAF /* Sources */ = {
			isa = PBXSourcesBuildPhase;
			buildActionMask = 2147483647;
			files = (
				B6A2EAC629A63B4B00C48EAF /* MyPokemonUITestsLaunchTests.swift in Sources */,
				B6A2EAC429A63B4B00C48EAF /* MyPokemonUITests.swift in Sources */,
			);
			runOnlyForDeploymentPostprocessing = 0;
		};
/* End PBXSourcesBuildPhase section */

/* Begin PBXTargetDependency section */
		B6A2EAB729A63B4B00C48EAF /* PBXTargetDependency */ = {
			isa = PBXTargetDependency;
			target = B6A2EA9B29A63B4A00C48EAF /* MyPokemon */;
			targetProxy = B6A2EAB629A63B4B00C48EAF /* PBXContainerItemProxy */;
		};
		B6A2EAC129A63B4B00C48EAF /* PBXTargetDependency */ = {
			isa = PBXTargetDependency;
			target = B6A2EA9B29A63B4A00C48EAF /* MyPokemon */;
			targetProxy = B6A2EAC029A63B4B00C48EAF /* PBXContainerItemProxy */;
		};
/* End PBXTargetDependency section */

/* Begin PBXVariantGroup section */
		B6A2EAA529A63B4A00C48EAF /* Main.storyboard */ = {
			isa = PBXVariantGroup;
			children = (
				B6A2EAA629A63B4A00C48EAF /* Base */,
			);
			name = Main.storyboard;
			sourceTree = "<group>";
		};
		B6A2EAAD29A63B4B00C48EAF /* LaunchScreen.storyboard */ = {
			isa = PBXVariantGroup;
			children = (
				B6A2EAAE29A63B4B00C48EAF /* Base */,
			);
			name = LaunchScreen.storyboard;
			sourceTree = "<group>";
		};
/* End PBXVariantGroup section */

/* Begin XCBuildConfiguration section */
		B6A2EAC729A63B4B00C48EAF /* Debug */ = {
			isa = XCBuildConfiguration;
			buildSettings = {
				ALWAYS_SEARCH_USER_PATHS = NO;
				CLANG_ANALYZER_NONNULL = YES;
				CLANG_ANALYZER_NUMBER_OBJECT_CONVERSION = YES_AGGRESSIVE;
				CLANG_CXX_LANGUAGE_STANDARD = "gnu++20";
				CLANG_ENABLE_MODULES = YES;
				CLANG_ENABLE_OBJC_ARC = YES;
				CLANG_ENABLE_OBJC_WEAK = YES;
				CLANG_WARN_BLOCK_CAPTURE_AUTORELEASING = YES;
				CLANG_WARN_BOOL_CONVERSION = YES;
				CLANG_WARN_COMMA = YES;
				CLANG_WARN_CONSTANT_CONVERSION = YES;
				CLANG_WARN_DEPRECATED_OBJC_IMPLEMENTATIONS = YES;
				CLANG_WARN_DIRECT_OBJC_ISA_USAGE = YES_ERROR;
				CLANG_WARN_DOCUMENTATION_COMMENTS = YES;
				CLANG_WARN_EMPTY_BODY = YES;
				CLANG_WARN_ENUM_CONVERSION = YES;
				CLANG_WARN_INFINITE_RECURSION = YES;
				CLANG_WARN_INT_CONVERSION = YES;
				CLANG_WARN_NON_LITERAL_NULL_CONVERSION = YES;
				CLANG_WARN_OBJC_IMPLICIT_RETAIN_SELF = YES;
				CLANG_WARN_OBJC_LITERAL_CONVERSION = YES;
				CLANG_WARN_OBJC_ROOT_CLASS = YES_ERROR;
				CLANG_WARN_QUOTED_INCLUDE_IN_FRAMEWORK_HEADER = YES;
				CLANG_WARN_RANGE_LOOP_ANALYSIS = YES;
				CLANG_WARN_STRICT_PROTOTYPES = YES;
				CLANG_WARN_SUSPICIOUS_MOVE = YES;
				CLANG_WARN_UNGUARDED_AVAILABILITY = YES_AGGRESSIVE;
				CLANG_WARN_UNREACHABLE_CODE = YES;
				CLANG_WARN__DUPLICATE_METHOD_MATCH = YES;
				COPY_PHASE_STRIP = NO;
				DEBUG_INFORMATION_FORMAT = dwarf;
				ENABLE_STRICT_OBJC_MSGSEND = YES;
				ENABLE_TESTABILITY = YES;
				GCC_C_LANGUAGE_STANDARD = gnu11;
				GCC_DYNAMIC_NO_PIC = NO;
				GCC_NO_COMMON_BLOCKS = YES;
				GCC_OPTIMIZATION_LEVEL = 0;
				GCC_PREPROCESSOR_DEFINITIONS = (
					"DEBUG=1",
					"$(inherited)",
				);
				GCC_WARN_64_TO_32_BIT_CONVERSION = YES;
				GCC_WARN_ABOUT_RETURN_TYPE = YES_ERROR;
				GCC_WARN_UNDECLARED_SELECTOR = YES;
				GCC_WARN_UNINITIALIZED_AUTOS = YES_AGGRESSIVE;
				GCC_WARN_UNUSED_FUNCTION = YES;
				GCC_WARN_UNUSED_VARIABLE = YES;
				IPHONEOS_DEPLOYMENT_TARGET = 16.0;
				MTL_ENABLE_DEBUG_INFO = INCLUDE_SOURCE;
				MTL_FAST_MATH = YES;
				ONLY_ACTIVE_ARCH = YES;
				SDKROOT = iphoneos;
				SWIFT_ACTIVE_COMPILATION_CONDITIONS = DEBUG;
				SWIFT_OPTIMIZATION_LEVEL = "-Onone";
			};
			name = Debug;
		};
		B6A2EAC829A63B4B00C48EAF /* Release */ = {
			isa = XCBuildConfiguration;
			buildSettings = {
				ALWAYS_SEARCH_USER_PATHS = NO;
				CLANG_ANALYZER_NONNULL = YES;
				CLANG_ANALYZER_NUMBER_OBJECT_CONVERSION = YES_AGGRESSIVE;
				CLANG_CXX_LANGUAGE_STANDARD = "gnu++20";
				CLANG_ENABLE_MODULES = YES;
				CLANG_ENABLE_OBJC_ARC = YES;
				CLANG_ENABLE_OBJC_WEAK = YES;
				CLANG_WARN_BLOCK_CAPTURE_AUTORELEASING = YES;
				CLANG_WARN_BOOL_CONVERSION = YES;
				CLANG_WARN_COMMA = YES;
				CLANG_WARN_CONSTANT_CONVERSION = YES;
				CLANG_WARN_DEPRECATED_OBJC_IMPLEMENTATIONS = YES;
				CLANG_WARN_DIRECT_OBJC_ISA_USAGE = YES_ERROR;
				CLANG_WARN_DOCUMENTATION_COMMENTS = YES;
				CLANG_WARN_EMPTY_BODY = YES;
				CLANG_WARN_ENUM_CONVERSION = YES;
				CLANG_WARN_INFINITE_RECURSION = YES;
				CLANG_WARN_INT_CONVERSION = YES;
				CLANG_WARN_NON_LITERAL_NULL_CONVERSION = YES;
				CLANG_WARN_OBJC_IMPLICIT_RETAIN_SELF = YES;
				CLANG_WARN_OBJC_LITERAL_CONVERSION = YES;
				CLANG_WARN_OBJC_ROOT_CLASS = YES_ERROR;
				CLANG_WARN_QUOTED_INCLUDE_IN_FRAMEWORK_HEADER = YES;
				CLANG_WARN_RANGE_LOOP_ANALYSIS = YES;
				CLANG_WARN_STRICT_PROTOTYPES = YES;
				CLANG_WARN_SUSPICIOUS_MOVE = YES;
				CLANG_WARN_UNGUARDED_AVAILABILITY = YES_AGGRESSIVE;
				CLANG_WARN_UNREACHABLE_CODE = YES;
				CLANG_WARN__DUPLICATE_METHOD_MATCH = YES;
				COPY_PHASE_STRIP = NO;
				DEBUG_INFORMATION_FORMAT = "dwarf-with-dsym";
				ENABLE_NS_ASSERTIONS = NO;
				ENABLE_STRICT_OBJC_MSGSEND = YES;
				GCC_C_LANGUAGE_STANDARD = gnu11;
				GCC_NO_COMMON_BLOCKS = YES;
				GCC_WARN_64_TO_32_BIT_CONVERSION = YES;
				GCC_WARN_ABOUT_RETURN_TYPE = YES_ERROR;
				GCC_WARN_UNDECLARED_SELECTOR = YES;
				GCC_WARN_UNINITIALIZED_AUTOS = YES_AGGRESSIVE;
				GCC_WARN_UNUSED_FUNCTION = YES;
				GCC_WARN_UNUSED_VARIABLE = YES;
				IPHONEOS_DEPLOYMENT_TARGET = 16.0;
				MTL_ENABLE_DEBUG_INFO = NO;
				MTL_FAST_MATH = YES;
				SDKROOT = iphoneos;
				SWIFT_COMPILATION_MODE = wholemodule;
				SWIFT_OPTIMIZATION_LEVEL = "-O";
				VALIDATE_PRODUCT = YES;
			};
			name = Release;
		};
		B6A2EACA29A63B4B00C48EAF /* Debug */ = {
			isa = XCBuildConfiguration;
			baseConfigurationReference = 258449B814E0BF20CF71937E /* Pods-MyPokemon.debug.xcconfig */;
			buildSettings = {
				ASSETCATALOG_COMPILER_APPICON_NAME = AppIcon;
				ASSETCATALOG_COMPILER_GLOBAL_ACCENT_COLOR_NAME = AccentColor;
				CODE_SIGN_STYLE = Automatic;
				CURRENT_PROJECT_VERSION = 1;
				DEVELOPMENT_TEAM = 83AH7T8DV5;
				GENERATE_INFOPLIST_FILE = YES;
				INFOPLIST_FILE = MyPokemon/Info.plist;
				INFOPLIST_KEY_UIApplicationSupportsIndirectInputEvents = YES;
				INFOPLIST_KEY_UILaunchStoryboardName = LaunchScreen;
				INFOPLIST_KEY_UIMainStoryboardFile = Main;
				INFOPLIST_KEY_UISupportedInterfaceOrientations_iPad = "UIInterfaceOrientationPortrait UIInterfaceOrientationPortraitUpsideDown UIInterfaceOrientationLandscapeLeft UIInterfaceOrientationLandscapeRight";
				INFOPLIST_KEY_UISupportedInterfaceOrientations_iPhone = "UIInterfaceOrientationPortrait UIInterfaceOrientationLandscapeLeft UIInterfaceOrientationLandscapeRight";
				LD_RUNPATH_SEARCH_PATHS = (
					"$(inherited)",
					"@executable_path/Frameworks",
				);
				MARKETING_VERSION = 1.0;
				PRODUCT_BUNDLE_IDENTIFIER = com.hanlin.MyPokemon;
				PRODUCT_NAME = "$(TARGET_NAME)";
				SWIFT_EMIT_LOC_STRINGS = YES;
				SWIFT_VERSION = 5.0;
				TARGETED_DEVICE_FAMILY = "1,2";
			};
			name = Debug;
		};
		B6A2EACB29A63B4B00C48EAF /* Release */ = {
			isa = XCBuildConfiguration;
			baseConfigurationReference = F6CE0016D3B6632C33B3E665 /* Pods-MyPokemon.release.xcconfig */;
			buildSettings = {
				ASSETCATALOG_COMPILER_APPICON_NAME = AppIcon;
				ASSETCATALOG_COMPILER_GLOBAL_ACCENT_COLOR_NAME = AccentColor;
				CODE_SIGN_STYLE = Automatic;
				CURRENT_PROJECT_VERSION = 1;
				DEVELOPMENT_TEAM = 83AH7T8DV5;
				GENERATE_INFOPLIST_FILE = YES;
				INFOPLIST_FILE = MyPokemon/Info.plist;
				INFOPLIST_KEY_UIApplicationSupportsIndirectInputEvents = YES;
				INFOPLIST_KEY_UILaunchStoryboardName = LaunchScreen;
				INFOPLIST_KEY_UIMainStoryboardFile = Main;
				INFOPLIST_KEY_UISupportedInterfaceOrientations_iPad = "UIInterfaceOrientationPortrait UIInterfaceOrientationPortraitUpsideDown UIInterfaceOrientationLandscapeLeft UIInterfaceOrientationLandscapeRight";
				INFOPLIST_KEY_UISupportedInterfaceOrientations_iPhone = "UIInterfaceOrientationPortrait UIInterfaceOrientationLandscapeLeft UIInterfaceOrientationLandscapeRight";
				LD_RUNPATH_SEARCH_PATHS = (
					"$(inherited)",
					"@executable_path/Frameworks",
				);
				MARKETING_VERSION = 1.0;
				PRODUCT_BUNDLE_IDENTIFIER = com.hanlin.MyPokemon;
				PRODUCT_NAME = "$(TARGET_NAME)";
				SWIFT_EMIT_LOC_STRINGS = YES;
				SWIFT_VERSION = 5.0;
				TARGETED_DEVICE_FAMILY = "1,2";
			};
			name = Release;
		};
		B6A2EACD29A63B4B00C48EAF /* Debug */ = {
			isa = XCBuildConfiguration;
			baseConfigurationReference = 0315B8FD40965056F08777DD /* Pods-MyPokemonTests.debug.xcconfig */;
			buildSettings = {
				ALWAYS_EMBED_SWIFT_STANDARD_LIBRARIES = YES;
				BUNDLE_LOADER = "$(TEST_HOST)";
				CODE_SIGN_STYLE = Automatic;
				CURRENT_PROJECT_VERSION = 1;
				DEVELOPMENT_TEAM = T95JM7W2ZM;
				GENERATE_INFOPLIST_FILE = YES;
				IPHONEOS_DEPLOYMENT_TARGET = 16.0;
				MARKETING_VERSION = 1.0;
				PRODUCT_BUNDLE_IDENTIFIER = hanlin.MyPokemonTests;
				PRODUCT_NAME = "$(TARGET_NAME)";
				SWIFT_EMIT_LOC_STRINGS = NO;
				SWIFT_VERSION = 5.0;
				TARGETED_DEVICE_FAMILY = "1,2";
				TEST_HOST = "$(BUILT_PRODUCTS_DIR)/MyPokemon.app/$(BUNDLE_EXECUTABLE_FOLDER_PATH)/MyPokemon";
			};
			name = Debug;
		};
		B6A2EACE29A63B4B00C48EAF /* Release */ = {
			isa = XCBuildConfiguration;
			baseConfigurationReference = BB23766D0440EF29CE317A5E /* Pods-MyPokemonTests.release.xcconfig */;
			buildSettings = {
				ALWAYS_EMBED_SWIFT_STANDARD_LIBRARIES = YES;
				BUNDLE_LOADER = "$(TEST_HOST)";
				CODE_SIGN_STYLE = Automatic;
				CURRENT_PROJECT_VERSION = 1;
				DEVELOPMENT_TEAM = T95JM7W2ZM;
				GENERATE_INFOPLIST_FILE = YES;
				IPHONEOS_DEPLOYMENT_TARGET = 16.0;
				MARKETING_VERSION = 1.0;
				PRODUCT_BUNDLE_IDENTIFIER = hanlin.MyPokemonTests;
				PRODUCT_NAME = "$(TARGET_NAME)";
				SWIFT_EMIT_LOC_STRINGS = NO;
				SWIFT_VERSION = 5.0;
				TARGETED_DEVICE_FAMILY = "1,2";
				TEST_HOST = "$(BUILT_PRODUCTS_DIR)/MyPokemon.app/$(BUNDLE_EXECUTABLE_FOLDER_PATH)/MyPokemon";
			};
			name = Release;
		};
		B6A2EAD029A63B4B00C48EAF /* Debug */ = {
			isa = XCBuildConfiguration;
			baseConfigurationReference = 4A7DC1BA0A563ED82A045792 /* Pods-MyPokemon-MyPokemonUITests.debug.xcconfig */;
			buildSettings = {
				ALWAYS_EMBED_SWIFT_STANDARD_LIBRARIES = YES;
				CODE_SIGN_STYLE = Automatic;
				CURRENT_PROJECT_VERSION = 1;
				DEVELOPMENT_TEAM = T95JM7W2ZM;
				GENERATE_INFOPLIST_FILE = YES;
				MARKETING_VERSION = 1.0;
				PRODUCT_BUNDLE_IDENTIFIER = hanlin.MyPokemonUITests;
				PRODUCT_NAME = "$(TARGET_NAME)";
				SWIFT_EMIT_LOC_STRINGS = NO;
				SWIFT_VERSION = 5.0;
				TARGETED_DEVICE_FAMILY = "1,2";
				TEST_TARGET_NAME = MyPokemon;
			};
			name = Debug;
		};
		B6A2EAD129A63B4B00C48EAF /* Release */ = {
			isa = XCBuildConfiguration;
			baseConfigurationReference = EBD290979661D85E49CB07EF /* Pods-MyPokemon-MyPokemonUITests.release.xcconfig */;
			buildSettings = {
				ALWAYS_EMBED_SWIFT_STANDARD_LIBRARIES = YES;
				CODE_SIGN_STYLE = Automatic;
				CURRENT_PROJECT_VERSION = 1;
				DEVELOPMENT_TEAM = T95JM7W2ZM;
				GENERATE_INFOPLIST_FILE = YES;
				MARKETING_VERSION = 1.0;
				PRODUCT_BUNDLE_IDENTIFIER = hanlin.MyPokemonUITests;
				PRODUCT_NAME = "$(TARGET_NAME)";
				SWIFT_EMIT_LOC_STRINGS = NO;
				SWIFT_VERSION = 5.0;
				TARGETED_DEVICE_FAMILY = "1,2";
				TEST_TARGET_NAME = MyPokemon;
			};
			name = Release;
		};
/* End XCBuildConfiguration section */

/* Begin XCConfigurationList section */
		B6A2EA9729A63B4A00C48EAF /* Build configuration list for PBXProject "MyPokemon" */ = {
			isa = XCConfigurationList;
			buildConfigurations = (
				B6A2EAC729A63B4B00C48EAF /* Debug */,
				B6A2EAC829A63B4B00C48EAF /* Release */,
			);
			defaultConfigurationIsVisible = 0;
			defaultConfigurationName = Release;
		};
		B6A2EAC929A63B4B00C48EAF /* Build configuration list for PBXNativeTarget "MyPokemon" */ = {
			isa = XCConfigurationList;
			buildConfigurations = (
				B6A2EACA29A63B4B00C48EAF /* Debug */,
				B6A2EACB29A63B4B00C48EAF /* Release */,
			);
			defaultConfigurationIsVisible = 0;
			defaultConfigurationName = Release;
		};
		B6A2EACC29A63B4B00C48EAF /* Build configuration list for PBXNativeTarget "MyPokemonTests" */ = {
			isa = XCConfigurationList;
			buildConfigurations = (
				B6A2EACD29A63B4B00C48EAF /* Debug */,
				B6A2EACE29A63B4B00C48EAF /* Release */,
			);
			defaultConfigurationIsVisible = 0;
			defaultConfigurationName = Release;
		};
		B6A2EACF29A63B4B00C48EAF /* Build configuration list for PBXNativeTarget "MyPokemonUITests" */ = {
			isa = XCConfigurationList;
			buildConfigurations = (
				B6A2EAD029A63B4B00C48EAF /* Debug */,
				B6A2EAD129A63B4B00C48EAF /* Release */,
			);
			defaultConfigurationIsVisible = 0;
			defaultConfigurationName = Release;
		};
/* End XCConfigurationList section */

/* Begin XCVersionGroup section */
		B6A2EAA829A63B4A00C48EAF /* MyPokemon.xcdatamodeld */ = {
			isa = XCVersionGroup;
			children = (
				B6A2EAA929A63B4A00C48EAF /* MyPokemon.xcdatamodel */,
			);
			currentVersion = B6A2EAA929A63B4A00C48EAF /* MyPokemon.xcdatamodel */;
			path = MyPokemon.xcdatamodeld;
			sourceTree = "<group>";
			versionGroupType = wrapper.xcdatamodel;
		};
/* End XCVersionGroup section */
	};
	rootObject = B6A2EA9429A63B4A00C48EAF /* Project object */;
}
